// !$*UTF8*$!
{
	archiveVersion = 1;
	classes = {
	};
	objectVersion = 46;
	objects = {

/* Begin PBXBuildFile section */
		B6066EAD1B81832400C16D85 /* AppDelegate.swift in Sources */ = {isa = PBXBuildFile; fileRef = B6066EAC1B81832400C16D85 /* AppDelegate.swift */; };
		B6066EAF1B81832400C16D85 /* ViewController.swift in Sources */ = {isa = PBXBuildFile; fileRef = B6066EAE1B81832400C16D85 /* ViewController.swift */; };
		B6066EB21B81832400C16D85 /* Main.storyboard in Resources */ = {isa = PBXBuildFile; fileRef = B6066EB01B81832400C16D85 /* Main.storyboard */; };
		B6066EB41B81832400C16D85 /* Images.xcassets in Resources */ = {isa = PBXBuildFile; fileRef = B6066EB31B81832400C16D85 /* Images.xcassets */; };
		B6066EB71B81832400C16D85 /* LaunchScreen.xib in Resources */ = {isa = PBXBuildFile; fileRef = B6066EB51B81832400C16D85 /* LaunchScreen.xib */; };
		B6066EC31B81832400C16D85 /* ForecastTests.swift in Sources */ = {isa = PBXBuildFile; fileRef = B6066EC21B81832400C16D85 /* ForecastTests.swift */; };
/* End PBXBuildFile section */

/* Begin PBXContainerItemProxy section */
		B6066EBD1B81832400C16D85 /* PBXContainerItemProxy */ = {
			isa = PBXContainerItemProxy;
			containerPortal = B6066E9F1B81832400C16D85 /* Project object */;
			proxyType = 1;
			remoteGlobalIDString = B6066EA61B81832400C16D85;
			remoteInfo = Forecast;
		};
/* End PBXContainerItemProxy section */

/* Begin PBXFileReference section */
		B6066EA71B81832400C16D85 /* Forecast.app */ = {isa = PBXFileReference; explicitFileType = wrapper.application; includeInIndex = 0; path = Forecast.app; sourceTree = BUILT_PRODUCTS_DIR; };
		B6066EAB1B81832400C16D85 /* Info.plist */ = {isa = PBXFileReference; lastKnownFileType = text.plist.xml; path = Info.plist; sourceTree = "<group>"; };
		B6066EAC1B81832400C16D85 /* AppDelegate.swift */ = {isa = PBXFileReference; lastKnownFileType = sourcecode.swift; path = AppDelegate.swift; sourceTree = "<group>"; };
		B6066EAE1B81832400C16D85 /* ViewController.swift */ = {isa = PBXFileReference; lastKnownFileType = sourcecode.swift; path = ViewController.swift; sourceTree = "<group>"; };
		B6066EB11B81832400C16D85 /* Base */ = {isa = PBXFileReference; lastKnownFileType = file.storyboard; name = Base; path = Base.lproj/Main.storyboard; sourceTree = "<group>"; };
		B6066EB31B81832400C16D85 /* Images.xcassets */ = {isa = PBXFileReference; lastKnownFileType = folder.assetcatalog; path = Images.xcassets; sourceTree = "<group>"; };
		B6066EB61B81832400C16D85 /* Base */ = {isa = PBXFileReference; lastKnownFileType = file.xib; name = Base; path = Base.lproj/LaunchScreen.xib; sourceTree = "<group>"; };
		B6066EBC1B81832400C16D85 /* ForecastTests.xctest */ = {isa = PBXFileReference; explicitFileType = wrapper.cfbundle; includeInIndex = 0; path = ForecastTests.xctest; sourceTree = BUILT_PRODUCTS_DIR; };
		B6066EC11B81832400C16D85 /* Info.plist */ = {isa = PBXFileReference; lastKnownFileType = text.plist.xml; path = Info.plist; sourceTree = "<group>"; };
		B6066EC21B81832400C16D85 /* ForecastTests.swift */ = {isa = PBXFileReference; lastKnownFileType = sourcecode.swift; path = ForecastTests.swift; sourceTree = "<group>"; };
/* End PBXFileReference section */

/* Begin PBXFrameworksBuildPhase section */
		B6066EA41B81832400C16D85 /* Frameworks */ = {
			isa = PBXFrameworksBuildPhase;
			buildActionMask = 2147483647;
			files = (
			);
			runOnlyForDeploymentPostprocessing = 0;
		};
		B6066EB91B81832400C16D85 /* Frameworks */ = {
			isa = PBXFrameworksBuildPhase;
			buildActionMask = 2147483647;
			files = (
			);
			runOnlyForDeploymentPostprocessing = 0;
		};
/* End PBXFrameworksBuildPhase section */

/* Begin PBXGroup section */
		B6066E9E1B81832400C16D85 = {
			isa = PBXGroup;
			children = (
				B6066EA91B81832400C16D85 /* Forecast */,
				B6066EBF1B81832400C16D85 /* ForecastTests */,
				B6066EA81B81832400C16D85 /* Products */,
			);
			sourceTree = "<group>";
		};
		B6066EA81B81832400C16D85 /* Products */ = {
			isa = PBXGroup;
			children = (
				B6066EA71B81832400C16D85 /* Forecast.app */,
				B6066EBC1B81832400C16D85 /* ForecastTests.xctest */,
			);
			name = Products;
			sourceTree = "<group>";
		};
		B6066EA91B81832400C16D85 /* Forecast */ = {
			isa = PBXGroup;
			children = (
				B6066EAC1B81832400C16D85 /* AppDelegate.swift */,
				B6066EAE1B81832400C16D85 /* ViewController.swift */,
				B6066EB01B81832400C16D85 /* Main.storyboard */,
				B6066EB31B81832400C16D85 /* Images.xcassets */,
				B6066EB51B81832400C16D85 /* LaunchScreen.xib */,
				B6066EAA1B81832400C16D85 /* Supporting Files */,
			);
			path = Forecast;
			sourceTree = "<group>";
		};
		B6066EAA1B81832400C16D85 /* Supporting Files */ = {
			isa = PBXGroup;
			children = (
				B6066EAB1B81832400C16D85 /* Info.plist */,
			);
			name = "Supporting Files";
			sourceTree = "<group>";
		};
		B6066EBF1B81832400C16D85 /* ForecastTests */ = {
			isa = PBXGroup;
			children = (
				B6066EC21B81832400C16D85 /* ForecastTests.swift */,
				B6066EC01B81832400C16D85 /* Supporting Files */,
			);
			path = ForecastTests;
			sourceTree = "<group>";
		};
		B6066EC01B81832400C16D85 /* Supporting Files */ = {
			isa = PBXGroup;
			children = (
				B6066EC11B81832400C16D85 /* Info.plist */,
			);
			name = "Supporting Files";
			sourceTree = "<group>";
		};
/* End PBXGroup section */

/* Begin PBXNativeTarget section */
		B6066EA61B81832400C16D85 /* Forecast */ = {
			isa = PBXNativeTarget;
			buildConfigurationList = B6066EC61B81832400C16D85 /* Build configuration list for PBXNativeTarget "Forecast" */;
			buildPhases = (
				B6066EA31B81832400C16D85 /* Sources */,
				B6066EA41B81832400C16D85 /* Frameworks */,
				B6066EA51B81832400C16D85 /* Resources */,
			);
			buildRules = (
			);
			dependencies = (
			);
			name = Forecast;
			productName = Forecast;
			productReference = B6066EA71B81832400C16D85 /* Forecast.app */;
			productType = "com.apple.product-type.application";
		};
		B6066EBB1B81832400C16D85 /* ForecastTests */ = {
			isa = PBXNativeTarget;
			buildConfigurationList = B6066EC91B81832400C16D85 /* Build configuration list for PBXNativeTarget "ForecastTests" */;
			buildPhases = (
				B6066EB81B81832400C16D85 /* Sources */,
				B6066EB91B81832400C16D85 /* Frameworks */,
				B6066EBA1B81832400C16D85 /* Resources */,
			);
			buildRules = (
			);
			dependencies = (
				B6066EBE1B81832400C16D85 /* PBXTargetDependency */,
			);
			name = ForecastTests;
			productName = ForecastTests;
			productReference = B6066EBC1B81832400C16D85 /* ForecastTests.xctest */;
			productType = "com.apple.product-type.bundle.unit-test";
		};
/* End PBXNativeTarget section */

/* Begin PBXProject section */
		B6066E9F1B81832400C16D85 /* Project object */ = {
			isa = PBXProject;
			attributes = {
				LastUpgradeCheck = 0640;
				ORGANIZATIONNAME = "Super Admin";
				TargetAttributes = {
					B6066EA61B81832400C16D85 = {
						CreatedOnToolsVersion = 6.4;
					};
					B6066EBB1B81832400C16D85 = {
						CreatedOnToolsVersion = 6.4;
						TestTargetID = B6066EA61B81832400C16D85;
					};
				};
			};
			buildConfigurationList = B6066EA21B81832400C16D85 /* Build configuration list for PBXProject "Forecast" */;
			compatibilityVersion = "Xcode 3.2";
			developmentRegion = English;
			hasScannedForEncodings = 0;
			knownRegions = (
				en,
				Base,
			);
			mainGroup = B6066E9E1B81832400C16D85;
			productRefGroup = B6066EA81B81832400C16D85 /* Products */;
			projectDirPath = "";
			projectRoot = "";
			targets = (
				B6066EA61B81832400C16D85 /* Forecast */,
				B6066EBB1B81832400C16D85 /* ForecastTests */,
			);
		};
/* End PBXProject section */

/* Begin PBXResourcesBuildPhase section */
		B6066EA51B81832400C16D85 /* Resources */ = {
			isa = PBXResourcesBuildPhase;
			buildActionMask = 2147483647;
			files = (
				B6066EB21B81832400C16D85 /* Main.storyboard in Resources */,
				B6066EB71B81832400C16D85 /* LaunchScreen.xib in Resources */,
				B6066EB41B81832400C16D85 /* Images.xcassets in Resources */,
			);
			runOnlyForDeploymentPostprocessing = 0;
		};
		B6066EBA1B81832400C16D85 /* Resources */ = {
			isa = PBXResourcesBuildPhase;
			buildActionMask = 2147483647;
			files = (
			);
			runOnlyForDeploymentPostprocessing = 0;
		};
/* End PBXResourcesBuildPhase section */

/* Begin PBXSourcesBuildPhase section */
		B6066EA31B81832400C16D85 /* Sources */ = {
			isa = PBXSourcesBuildPhase;
			buildActionMask = 2147483647;
			files = (
				B6066EAF1B81832400C16D85 /* ViewController.swift in Sources */,
				B6066EAD1B81832400C16D85 /* AppDelegate.swift in Sources */,
			);
			runOnlyForDeploymentPostprocessing = 0;
		};
		B6066EB81B81832400C16D85 /* Sources */ = {
			isa = PBXSourcesBuildPhase;
			buildActionMask = 2147483647;
			files = (
				B6066EC31B81832400C16D85 /* ForecastTests.swift in Sources */,
			);
			runOnlyForDeploymentPostprocessing = 0;
		};
/* End PBXSourcesBuildPhase section */

/* Begin PBXTargetDependency section */
		B6066EBE1B81832400C16D85 /* PBXTargetDependency */ = {
			isa = PBXTargetDependency;
			target = B6066EA61B81832400C16D85 /* Forecast */;
			targetProxy = B6066EBD1B81832400C16D85 /* PBXContainerItemProxy */;
		};
/* End PBXTargetDependency section */

/* Begin PBXVariantGroup section */
		B6066EB01B81832400C16D85 /* Main.storyboard */ = {
			isa = PBXVariantGroup;
			children = (
				B6066EB11B81832400C16D85 /* Base */,
			);
			name = Main.storyboard;
			sourceTree = "<group>";
		};
		B6066EB51B81832400C16D85 /* LaunchScreen.xib */ = {
			isa = PBXVariantGroup;
			children = (
				B6066EB61B81832400C16D85 /* Base */,
			);
			name = LaunchScreen.xib;
			sourceTree = "<group>";
		};
/* End PBXVariantGroup section */

/* Begin XCBuildConfiguration section */
		B6066EC41B81832400C16D85 /* Debug */ = {
			isa = XCBuildConfiguration;
			buildSettings = {
				ALWAYS_SEARCH_USER_PATHS = NO;
				CLANG_CXX_LANGUAGE_STANDARD = "gnu++0x";
				CLANG_CXX_LIBRARY = "libc++";
				CLANG_ENABLE_MODULES = YES;
				CLANG_ENABLE_OBJC_ARC = YES;
				CLANG_WARN_BOOL_CONVERSION = YES;
				CLANG_WARN_CONSTANT_CONVERSION = YES;
				CLANG_WARN_DIRECT_OBJC_ISA_USAGE = YES_ERROR;
				CLANG_WARN_EMPTY_BODY = YES;
				CLANG_WARN_ENUM_CONVERSION = YES;
				CLANG_WARN_INT_CONVERSION = YES;
				CLANG_WARN_OBJC_ROOT_CLASS = YES_ERROR;
				CLANG_WARN_UNREACHABLE_CODE = YES;
				CLANG_WARN__DUPLICATE_METHOD_MATCH = YES;
				"CODE_SIGN_IDENTITY[sdk=iphoneos*]" = "iPhone Developer";
				COPY_PHASE_STRIP = NO;
				DEBUG_INFORMATION_FORMAT = "dwarf-with-dsym";
				ENABLE_STRICT_OBJC_MSGSEND = YES;
				GCC_C_LANGUAGE_STANDARD = gnu99;
				GCC_DYNAMIC_NO_PIC = NO;
				GCC_NO_COMMON_BLOCKS = YES;
				GCC_OPTIMIZATION_LEVEL = 0;
				GCC_PREPROCESSOR_DEFINITIONS = (
					"DEBUG=1",
					"$(inherited)",
				);
				GCC_SYMBOLS_PRIVATE_EXTERN = NO;
				GCC_WARN_64_TO_32_BIT_CONVERSION = YES;
				GCC_WARN_ABOUT_RETURN_TYPE = YES_ERROR;
				GCC_WARN_UNDECLARED_SELECTOR = YES;
				GCC_WARN_UNINITIALIZED_AUTOS = YES_AGGRESSIVE;
				GCC_WARN_UNUSED_FUNCTION = YES;
				GCC_WARN_UNUSED_VARIABLE = YES;
				IPHONEOS_DEPLOYMENT_TARGET = 8.4;
				MTL_ENABLE_DEBUG_INFO = YES;
				ONLY_ACTIVE_ARCH = YES;
				SDKROOT = iphoneos;
				SWIFT_OPTIMIZATION_LEVEL = "-Onone";
				TARGETED_DEVICE_FAMILY = "1,2";
			};
			name = Debug;
		};
		B6066EC51B81832400C16D85 /* Release */ = {
			isa = XCBuildConfiguration;
			buildSettings = {
				ALWAYS_SEARCH_USER_PATHS = NO;
				CLANG_CXX_LANGUAGE_STANDARD = "gnu++0x";
				CLANG_CXX_LIBRARY = "libc++";
				CLANG_ENABLE_MODULES = YES;
				CLANG_ENABLE_OBJC_ARC = YES;
				CLANG_WARN_BOOL_CONVERSION = YES;
				CLANG_WARN_CONSTANT_CONVERSION = YES;
				CLANG_WARN_DIRECT_OBJC_ISA_USAGE = YES_ERROR;
				CLANG_WARN_EMPTY_BODY = YES;
				CLANG_WARN_ENUM_CONVERSION = YES;
				CLANG_WARN_INT_CONVERSION = YES;
				CLANG_WARN_OBJC_ROOT_CLASS = YES_ERROR;
				CLANG_WARN_UNREACHABLE_CODE = YES;
				CLANG_WARN__DUPLICATE_METHOD_MATCH = YES;
				"CODE_SIGN_IDENTITY[sdk=iphoneos*]" = "iPhone Developer";
				COPY_PHASE_STRIP = NO;
				DEBUG_INFORMATION_FORMAT = "dwarf-with-dsym";
				ENABLE_NS_ASSERTIONS = NO;
				ENABLE_STRICT_OBJC_MSGSEND = YES;
				GCC_C_LANGUAGE_STANDARD = gnu99;
				GCC_NO_COMMON_BLOCKS = YES;
				GCC_WARN_64_TO_32_BIT_CONVERSION = YES;
				GCC_WARN_ABOUT_RETURN_TYPE = YES_ERROR;
				GCC_WARN_UNDECLARED_SELECTOR = YES;
				GCC_WARN_UNINITIALIZED_AUTOS = YES_AGGRESSIVE;
				GCC_WARN_UNUSED_FUNCTION = YES;
				GCC_WARN_UNUSED_VARIABLE = YES;
				IPHONEOS_DEPLOYMENT_TARGET = 8.4;
				MTL_ENABLE_DEBUG_INFO = NO;
				SDKROOT = iphoneos;
				TARGETED_DEVICE_FAMILY = "1,2";
				VALIDATE_PRODUCT = YES;
			};
			name = Release;
		};
		B6066EC71B81832400C16D85 /* Debug */ = {
			isa = XCBuildConfiguration;
			buildSettings = {
				ASSETCATALOG_COMPILER_APPICON_NAME = AppIcon;
				INFOPLIST_FILE = Forecast/Info.plist;
				LD_RUNPATH_SEARCH_PATHS = "$(inherited) @executable_path/Frameworks";
				PRODUCT_NAME = "$(TARGET_NAME)";
			};
			name = Debug;
		};
		B6066EC81B81832400C16D85 /* Release */ = {
			isa = XCBuildConfiguration;
			buildSettings = {
				ASSETCATALOG_COMPILER_APPICON_NAME = AppIcon;
				INFOPLIST_FILE = Forecast/Info.plist;
				LD_RUNPATH_SEARCH_PATHS = "$(inherited) @executable_path/Frameworks";
				PRODUCT_NAME = "$(TARGET_NAME)";
			};
			name = Release;
		};
		B6066ECA1B81832400C16D85 /* Debug */ = {
			isa = XCBuildConfiguration;
			buildSettings = {
				BUNDLE_LOADER = "$(TEST_HOST)";
				FRAMEWORK_SEARCH_PATHS = (
					"$(SDKROOT)/Developer/Library/Frameworks",
					"$(inherited)",
				);
				GCC_PREPROCESSOR_DEFINITIONS = (
					"DEBUG=1",
					"$(inherited)",
				);
				INFOPLIST_FILE = ForecastTests/Info.plist;
				LD_RUNPATH_SEARCH_PATHS = "$(inherited) @executable_path/Frameworks @loader_path/Frameworks";
				PRODUCT_NAME = "$(TARGET_NAME)";
				TEST_HOST = "$(BUILT_PRODUCTS_DIR)/Forecast.app/Forecast";
			};
			name = Debug;
		};
		B6066ECB1B81832400C16D85 /* Release */ = {
			isa = XCBuildConfiguration;
			buildSettings = {
				BUNDLE_LOADER = "$(TEST_HOST)";
				FRAMEWORK_SEARCH_PATHS = (
					"$(SDKROOT)/Developer/Library/Frameworks",
					"$(inherited)",
				);
				INFOPLIST_FILE = ForecastTests/Info.plist;
				LD_RUNPATH_SEARCH_PATHS = "$(inherited) @executable_path/Frameworks @loader_path/Frameworks";
				PRODUCT_NAME = "$(TARGET_NAME)";
				TEST_HOST = "$(BUILT_PRODUCTS_DIR)/Forecast.app/Forecast";
			};
			name = Release;
		};
/* End XCBuildConfiguration section */

/* Begin XCConfigurationList section */
		B6066EA21B81832400C16D85 /* Build configuration list for PBXProject "Forecast" */ = {
			isa = XCConfigurationList;
			buildConfigurations = (
				B6066EC41B81832400C16D85 /* Debug */,
				B6066EC51B81832400C16D85 /* Release */,
			);
			defaultConfigurationIsVisible = 0;
			defaultConfigurationName = Release;
		};
		B6066EC61B81832400C16D85 /* Build configuration list for PBXNativeTarget "Forecast" */ = {
			isa = XCConfigurationList;
			buildConfigurations = (
				B6066EC71B81832400C16D85 /* Debug */,
				B6066EC81B81832400C16D85 /* Release */,
			);
			defaultConfigurationIsVisible = 0;
		};
		B6066EC91B81832400C16D85 /* Build configuration list for PBXNativeTarget "ForecastTests" */ = {
			isa = XCConfigurationList;
			buildConfigurations = (
				B6066ECA1B81832400C16D85 /* Debug */,
				B6066ECB1B81832400C16D85 /* Release */,
			);
			defaultConfigurationIsVisible = 0;
		};
/* End XCConfigurationList section */
	};
	rootObject = B6066E9F1B81832400C16D85 /* Project object */;
}
