// !$*UTF8*$!
{
	archiveVersion = 1;
	classes = {
	};
	objectVersion = 46;
	objects = {

/* Begin PBXBuildFile section */
		3FB42FFA1B7B02A300CAE67C /* AppDelegate.swift in Sources */ = {isa = PBXBuildFile; fileRef = 3FB42FF91B7B02A300CAE67C /* AppDelegate.swift */; };
		3FB42FFC1B7B02A300CAE67C /* ViewController.swift in Sources */ = {isa = PBXBuildFile; fileRef = 3FB42FFB1B7B02A300CAE67C /* ViewController.swift */; };
		3FB42FFF1B7B02A300CAE67C /* Main.storyboard in Resources */ = {isa = PBXBuildFile; fileRef = 3FB42FFD1B7B02A300CAE67C /* Main.storyboard */; };
		3FB430011B7B02A300CAE67C /* Images.xcassets in Resources */ = {isa = PBXBuildFile; fileRef = 3FB430001B7B02A300CAE67C /* Images.xcassets */; };
		3FB430041B7B02A300CAE67C /* LaunchScreen.xib in Resources */ = {isa = PBXBuildFile; fileRef = 3FB430021B7B02A300CAE67C /* LaunchScreen.xib */; };
		3FB430101B7B02A300CAE67C /* Day2_2Tests.swift in Sources */ = {isa = PBXBuildFile; fileRef = 3FB4300F1B7B02A300CAE67C /* Day2_2Tests.swift */; };
		3FB430481B7C7CC200CAE67C /* Note.swift in Sources */ = {isa = PBXBuildFile; fileRef = 3FB430471B7C7CC200CAE67C /* Note.swift */; };
		3FB4304A1B7C82A000CAE67C /* TableViewController2_notesDetail.swift in Sources */ = {isa = PBXBuildFile; fileRef = 3FB430491B7C82A000CAE67C /* TableViewController2_notesDetail.swift */; };
		3FB4304C1B7D855500CAE67C /* AddTableViewController.swift in Sources */ = {isa = PBXBuildFile; fileRef = 3FB4304B1B7D855500CAE67C /* AddTableViewController.swift */; };
/* End PBXBuildFile section */

/* Begin PBXContainerItemProxy section */
		3FB4300A1B7B02A300CAE67C /* PBXContainerItemProxy */ = {
			isa = PBXContainerItemProxy;
			containerPortal = 3FB42FEC1B7B02A300CAE67C /* Project object */;
			proxyType = 1;
			remoteGlobalIDString = 3FB42FF31B7B02A300CAE67C;
			remoteInfo = Day2_2;
		};
/* End PBXContainerItemProxy section */

/* Begin PBXFileReference section */
		3FB42FF41B7B02A300CAE67C /* Day2_2.app */ = {isa = PBXFileReference; explicitFileType = wrapper.application; includeInIndex = 0; path = Day2_2.app; sourceTree = BUILT_PRODUCTS_DIR; };
		3FB42FF81B7B02A300CAE67C /* Info.plist */ = {isa = PBXFileReference; lastKnownFileType = text.plist.xml; path = Info.plist; sourceTree = "<group>"; };
		3FB42FF91B7B02A300CAE67C /* AppDelegate.swift */ = {isa = PBXFileReference; lastKnownFileType = sourcecode.swift; path = AppDelegate.swift; sourceTree = "<group>"; };
		3FB42FFB1B7B02A300CAE67C /* ViewController.swift */ = {isa = PBXFileReference; lastKnownFileType = sourcecode.swift; path = ViewController.swift; sourceTree = "<group>"; };
		3FB42FFE1B7B02A300CAE67C /* Base */ = {isa = PBXFileReference; lastKnownFileType = file.storyboard; name = Base; path = Base.lproj/Main.storyboard; sourceTree = "<group>"; };
		3FB430001B7B02A300CAE67C /* Images.xcassets */ = {isa = PBXFileReference; lastKnownFileType = folder.assetcatalog; path = Images.xcassets; sourceTree = "<group>"; };
		3FB430031B7B02A300CAE67C /* Base */ = {isa = PBXFileReference; lastKnownFileType = file.xib; name = Base; path = Base.lproj/LaunchScreen.xib; sourceTree = "<group>"; };
		3FB430091B7B02A300CAE67C /* Day2_2Tests.xctest */ = {isa = PBXFileReference; explicitFileType = wrapper.cfbundle; includeInIndex = 0; path = Day2_2Tests.xctest; sourceTree = BUILT_PRODUCTS_DIR; };
		3FB4300E1B7B02A300CAE67C /* Info.plist */ = {isa = PBXFileReference; lastKnownFileType = text.plist.xml; path = Info.plist; sourceTree = "<group>"; };
		3FB4300F1B7B02A300CAE67C /* Day2_2Tests.swift */ = {isa = PBXFileReference; lastKnownFileType = sourcecode.swift; path = Day2_2Tests.swift; sourceTree = "<group>"; };
		3FB430471B7C7CC200CAE67C /* Note.swift */ = {isa = PBXFileReference; fileEncoding = 4; lastKnownFileType = sourcecode.swift; path = Note.swift; sourceTree = "<group>"; };
		3FB430491B7C82A000CAE67C /* TableViewController2_notesDetail.swift */ = {isa = PBXFileReference; fileEncoding = 4; lastKnownFileType = sourcecode.swift; path = TableViewController2_notesDetail.swift; sourceTree = "<group>"; };
		3FB4304B1B7D855500CAE67C /* AddTableViewController.swift */ = {isa = PBXFileReference; fileEncoding = 4; lastKnownFileType = sourcecode.swift; path = AddTableViewController.swift; sourceTree = "<group>"; };
/* End PBXFileReference section */

/* Begin PBXFrameworksBuildPhase section */
		3FB42FF11B7B02A300CAE67C /* Frameworks */ = {
			isa = PBXFrameworksBuildPhase;
			buildActionMask = 2147483647;
			files = (
			);
			runOnlyForDeploymentPostprocessing = 0;
		};
		3FB430061B7B02A300CAE67C /* Frameworks */ = {
			isa = PBXFrameworksBuildPhase;
			buildActionMask = 2147483647;
			files = (
			);
			runOnlyForDeploymentPostprocessing = 0;
		};
/* End PBXFrameworksBuildPhase section */

/* Begin PBXGroup section */
		3FB42FEB1B7B02A300CAE67C = {
			isa = PBXGroup;
			children = (
				3FB42FF61B7B02A300CAE67C /* Day2_2 */,
				3FB4300C1B7B02A300CAE67C /* Day2_2Tests */,
				3FB42FF51B7B02A300CAE67C /* Products */,
			);
			sourceTree = "<group>";
		};
		3FB42FF51B7B02A300CAE67C /* Products */ = {
			isa = PBXGroup;
			children = (
				3FB42FF41B7B02A300CAE67C /* Day2_2.app */,
				3FB430091B7B02A300CAE67C /* Day2_2Tests.xctest */,
			);
			name = Products;
			sourceTree = "<group>";
		};
		3FB42FF61B7B02A300CAE67C /* Day2_2 */ = {
			isa = PBXGroup;
			children = (
				3FB42FF91B7B02A300CAE67C /* AppDelegate.swift */,
				3FB42FFB1B7B02A300CAE67C /* ViewController.swift */,
				3FB42FFD1B7B02A300CAE67C /* Main.storyboard */,
				3FB4304B1B7D855500CAE67C /* AddTableViewController.swift */,
				3FB430491B7C82A000CAE67C /* TableViewController2_notesDetail.swift */,
				3FB430471B7C7CC200CAE67C /* Note.swift */,
				3FB430001B7B02A300CAE67C /* Images.xcassets */,
				3FB430021B7B02A300CAE67C /* LaunchScreen.xib */,
				3FB42FF71B7B02A300CAE67C /* Supporting Files */,
			);
			path = Day2_2;
			sourceTree = "<group>";
		};
		3FB42FF71B7B02A300CAE67C /* Supporting Files */ = {
			isa = PBXGroup;
			children = (
				3FB42FF81B7B02A300CAE67C /* Info.plist */,
			);
			name = "Supporting Files";
			sourceTree = "<group>";
		};
		3FB4300C1B7B02A300CAE67C /* Day2_2Tests */ = {
			isa = PBXGroup;
			children = (
				3FB4300F1B7B02A300CAE67C /* Day2_2Tests.swift */,
				3FB4300D1B7B02A300CAE67C /* Supporting Files */,
			);
			path = Day2_2Tests;
			sourceTree = "<group>";
		};
		3FB4300D1B7B02A300CAE67C /* Supporting Files */ = {
			isa = PBXGroup;
			children = (
				3FB4300E1B7B02A300CAE67C /* Info.plist */,
			);
			name = "Supporting Files";
			sourceTree = "<group>";
		};
/* End PBXGroup section */

/* Begin PBXNativeTarget section */
		3FB42FF31B7B02A300CAE67C /* Day2_2 */ = {
			isa = PBXNativeTarget;
			buildConfigurationList = 3FB430131B7B02A300CAE67C /* Build configuration list for PBXNativeTarget "Day2_2" */;
			buildPhases = (
				3FB42FF01B7B02A300CAE67C /* Sources */,
				3FB42FF11B7B02A300CAE67C /* Frameworks */,
				3FB42FF21B7B02A300CAE67C /* Resources */,
			);
			buildRules = (
			);
			dependencies = (
			);
			name = Day2_2;
			productName = Day2_2;
			productReference = 3FB42FF41B7B02A300CAE67C /* Day2_2.app */;
			productType = "com.apple.product-type.application";
		};
		3FB430081B7B02A300CAE67C /* Day2_2Tests */ = {
			isa = PBXNativeTarget;
			buildConfigurationList = 3FB430161B7B02A300CAE67C /* Build configuration list for PBXNativeTarget "Day2_2Tests" */;
			buildPhases = (
				3FB430051B7B02A300CAE67C /* Sources */,
				3FB430061B7B02A300CAE67C /* Frameworks */,
				3FB430071B7B02A300CAE67C /* Resources */,
			);
			buildRules = (
			);
			dependencies = (
				3FB4300B1B7B02A300CAE67C /* PBXTargetDependency */,
			);
			name = Day2_2Tests;
			productName = Day2_2Tests;
			productReference = 3FB430091B7B02A300CAE67C /* Day2_2Tests.xctest */;
			productType = "com.apple.product-type.bundle.unit-test";
		};
/* End PBXNativeTarget section */

/* Begin PBXProject section */
		3FB42FEC1B7B02A300CAE67C /* Project object */ = {
			isa = PBXProject;
			attributes = {
				LastUpgradeCheck = 0630;
				ORGANIZATIONNAME = TOPHACKER;
				TargetAttributes = {
					3FB42FF31B7B02A300CAE67C = {
						CreatedOnToolsVersion = 6.3;
					};
					3FB430081B7B02A300CAE67C = {
						CreatedOnToolsVersion = 6.3;
						TestTargetID = 3FB42FF31B7B02A300CAE67C;
					};
				};
			};
			buildConfigurationList = 3FB42FEF1B7B02A300CAE67C /* Build configuration list for PBXProject "Day2_2" */;
			compatibilityVersion = "Xcode 3.2";
			developmentRegion = English;
			hasScannedForEncodings = 0;
			knownRegions = (
				en,
				Base,
			);
			mainGroup = 3FB42FEB1B7B02A300CAE67C;
			productRefGroup = 3FB42FF51B7B02A300CAE67C /* Products */;
			projectDirPath = "";
			projectRoot = "";
			targets = (
				3FB42FF31B7B02A300CAE67C /* Day2_2 */,
				3FB430081B7B02A300CAE67C /* Day2_2Tests */,
			);
		};
/* End PBXProject section */

/* Begin PBXResourcesBuildPhase section */
		3FB42FF21B7B02A300CAE67C /* Resources */ = {
			isa = PBXResourcesBuildPhase;
			buildActionMask = 2147483647;
			files = (
				3FB42FFF1B7B02A300CAE67C /* Main.storyboard in Resources */,
				3FB430041B7B02A300CAE67C /* LaunchScreen.xib in Resources */,
				3FB430011B7B02A300CAE67C /* Images.xcassets in Resources */,
			);
			runOnlyForDeploymentPostprocessing = 0;
		};
		3FB430071B7B02A300CAE67C /* Resources */ = {
			isa = PBXResourcesBuildPhase;
			buildActionMask = 2147483647;
			files = (
			);
			runOnlyForDeploymentPostprocessing = 0;
		};
/* End PBXResourcesBuildPhase section */

/* Begin PBXSourcesBuildPhase section */
		3FB42FF01B7B02A300CAE67C /* Sources */ = {
			isa = PBXSourcesBuildPhase;
			buildActionMask = 2147483647;
			files = (
				3FB42FFC1B7B02A300CAE67C /* ViewController.swift in Sources */,
				3FB4304A1B7C82A000CAE67C /* TableViewController2_notesDetail.swift in Sources */,
				3FB42FFA1B7B02A300CAE67C /* AppDelegate.swift in Sources */,
				3FB430481B7C7CC200CAE67C /* Note.swift in Sources */,
				3FB4304C1B7D855500CAE67C /* AddTableViewController.swift in Sources */,
			);
			runOnlyForDeploymentPostprocessing = 0;
		};
		3FB430051B7B02A300CAE67C /* Sources */ = {
			isa = PBXSourcesBuildPhase;
			buildActionMask = 2147483647;
			files = (
				3FB430101B7B02A300CAE67C /* Day2_2Tests.swift in Sources */,
			);
			runOnlyForDeploymentPostprocessing = 0;
		};
/* End PBXSourcesBuildPhase section */

/* Begin PBXTargetDependency section */
		3FB4300B1B7B02A300CAE67C /* PBXTargetDependency */ = {
			isa = PBXTargetDependency;
			target = 3FB42FF31B7B02A300CAE67C /* Day2_2 */;
			targetProxy = 3FB4300A1B7B02A300CAE67C /* PBXContainerItemProxy */;
		};
/* End PBXTargetDependency section */

/* Begin PBXVariantGroup section */
		3FB42FFD1B7B02A300CAE67C /* Main.storyboard */ = {
			isa = PBXVariantGroup;
			children = (
				3FB42FFE1B7B02A300CAE67C /* Base */,
			);
			name = Main.storyboard;
			sourceTree = "<group>";
		};
		3FB430021B7B02A300CAE67C /* LaunchScreen.xib */ = {
			isa = PBXVariantGroup;
			children = (
				3FB430031B7B02A300CAE67C /* Base */,
			);
			name = LaunchScreen.xib;
			sourceTree = "<group>";
		};
/* End PBXVariantGroup section */

/* Begin XCBuildConfiguration section */
		3FB430111B7B02A300CAE67C /* Debug */ = {
			isa = XCBuildConfiguration;
			buildSettings = {
				ALWAYS_SEARCH_USER_PATHS = NO;
				CLANG_CXX_LANGUAGE_STANDARD = "gnu++0x";
				CLANG_CXX_LIBRARY = "libc++";
				CLANG_ENABLE_MODULES = YES;
				CLANG_ENABLE_OBJC_ARC = YES;
				CLANG_WARN_BOOL_CONVERSION = YES;
				CLANG_WARN_CONSTANT_CONVERSION = YES;
				CLANG_WARN_DIRECT_OBJC_ISA_USAGE = YES_ERROR;
				CLANG_WARN_EMPTY_BODY = YES;
				CLANG_WARN_ENUM_CONVERSION = YES;
				CLANG_WARN_INT_CONVERSION = YES;
				CLANG_WARN_OBJC_ROOT_CLASS = YES_ERROR;
				CLANG_WARN_UNREACHABLE_CODE = YES;
				CLANG_WARN__DUPLICATE_METHOD_MATCH = YES;
				"CODE_SIGN_IDENTITY[sdk=iphoneos*]" = "iPhone Developer";
				COPY_PHASE_STRIP = NO;
				DEBUG_INFORMATION_FORMAT = "dwarf-with-dsym";
				ENABLE_STRICT_OBJC_MSGSEND = YES;
				GCC_C_LANGUAGE_STANDARD = gnu99;
				GCC_DYNAMIC_NO_PIC = NO;
				GCC_NO_COMMON_BLOCKS = YES;
				GCC_OPTIMIZATION_LEVEL = 0;
				GCC_PREPROCESSOR_DEFINITIONS = (
					"DEBUG=1",
					"$(inherited)",
				);
				GCC_SYMBOLS_PRIVATE_EXTERN = NO;
				GCC_WARN_64_TO_32_BIT_CONVERSION = YES;
				GCC_WARN_ABOUT_RETURN_TYPE = YES_ERROR;
				GCC_WARN_UNDECLARED_SELECTOR = YES;
				GCC_WARN_UNINITIALIZED_AUTOS = YES_AGGRESSIVE;
				GCC_WARN_UNUSED_FUNCTION = YES;
				GCC_WARN_UNUSED_VARIABLE = YES;
				IPHONEOS_DEPLOYMENT_TARGET = 8.3;
				MTL_ENABLE_DEBUG_INFO = YES;
				ONLY_ACTIVE_ARCH = YES;
				SDKROOT = iphoneos;
				SWIFT_OPTIMIZATION_LEVEL = "-Onone";
				TARGETED_DEVICE_FAMILY = "1,2";
			};
			name = Debug;
		};
		3FB430121B7B02A300CAE67C /* Release */ = {
			isa = XCBuildConfiguration;
			buildSettings = {
				ALWAYS_SEARCH_USER_PATHS = NO;
				CLANG_CXX_LANGUAGE_STANDARD = "gnu++0x";
				CLANG_CXX_LIBRARY = "libc++";
				CLANG_ENABLE_MODULES = YES;
				CLANG_ENABLE_OBJC_ARC = YES;
				CLANG_WARN_BOOL_CONVERSION = YES;
				CLANG_WARN_CONSTANT_CONVERSION = YES;
				CLANG_WARN_DIRECT_OBJC_ISA_USAGE = YES_ERROR;
				CLANG_WARN_EMPTY_BODY = YES;
				CLANG_WARN_ENUM_CONVERSION = YES;
				CLANG_WARN_INT_CONVERSION = YES;
				CLANG_WARN_OBJC_ROOT_CLASS = YES_ERROR;
				CLANG_WARN_UNREACHABLE_CODE = YES;
				CLANG_WARN__DUPLICATE_METHOD_MATCH = YES;
				"CODE_SIGN_IDENTITY[sdk=iphoneos*]" = "iPhone Developer";
				COPY_PHASE_STRIP = NO;
				DEBUG_INFORMATION_FORMAT = "dwarf-with-dsym";
				ENABLE_NS_ASSERTIONS = NO;
				ENABLE_STRICT_OBJC_MSGSEND = YES;
				GCC_C_LANGUAGE_STANDARD = gnu99;
				GCC_NO_COMMON_BLOCKS = YES;
				GCC_WARN_64_TO_32_BIT_CONVERSION = YES;
				GCC_WARN_ABOUT_RETURN_TYPE = YES_ERROR;
				GCC_WARN_UNDECLARED_SELECTOR = YES;
				GCC_WARN_UNINITIALIZED_AUTOS = YES_AGGRESSIVE;
				GCC_WARN_UNUSED_FUNCTION = YES;
				GCC_WARN_UNUSED_VARIABLE = YES;
				IPHONEOS_DEPLOYMENT_TARGET = 8.3;
				MTL_ENABLE_DEBUG_INFO = NO;
				SDKROOT = iphoneos;
				TARGETED_DEVICE_FAMILY = "1,2";
				VALIDATE_PRODUCT = YES;
			};
			name = Release;
		};
		3FB430141B7B02A300CAE67C /* Debug */ = {
			isa = XCBuildConfiguration;
			buildSettings = {
				ASSETCATALOG_COMPILER_APPICON_NAME = AppIcon;
				INFOPLIST_FILE = Day2_2/Info.plist;
				LD_RUNPATH_SEARCH_PATHS = "$(inherited) @executable_path/Frameworks";
				PRODUCT_NAME = "$(TARGET_NAME)";
			};
			name = Debug;
		};
		3FB430151B7B02A300CAE67C /* Release */ = {
			isa = XCBuildConfiguration;
			buildSettings = {
				ASSETCATALOG_COMPILER_APPICON_NAME = AppIcon;
				INFOPLIST_FILE = Day2_2/Info.plist;
				LD_RUNPATH_SEARCH_PATHS = "$(inherited) @executable_path/Frameworks";
				PRODUCT_NAME = "$(TARGET_NAME)";
			};
			name = Release;
		};
		3FB430171B7B02A300CAE67C /* Debug */ = {
			isa = XCBuildConfiguration;
			buildSettings = {
				BUNDLE_LOADER = "$(TEST_HOST)";
				FRAMEWORK_SEARCH_PATHS = (
					"$(SDKROOT)/Developer/Library/Frameworks",
					"$(inherited)",
				);
				GCC_PREPROCESSOR_DEFINITIONS = (
					"DEBUG=1",
					"$(inherited)",
				);
				INFOPLIST_FILE = Day2_2Tests/Info.plist;
				LD_RUNPATH_SEARCH_PATHS = "$(inherited) @executable_path/Frameworks @loader_path/Frameworks";
				PRODUCT_NAME = "$(TARGET_NAME)";
				TEST_HOST = "$(BUILT_PRODUCTS_DIR)/Day2_2.app/Day2_2";
			};
			name = Debug;
		};
		3FB430181B7B02A300CAE67C /* Release */ = {
			isa = XCBuildConfiguration;
			buildSettings = {
				BUNDLE_LOADER = "$(TEST_HOST)";
				FRAMEWORK_SEARCH_PATHS = (
					"$(SDKROOT)/Developer/Library/Frameworks",
					"$(inherited)",
				);
				INFOPLIST_FILE = Day2_2Tests/Info.plist;
				LD_RUNPATH_SEARCH_PATHS = "$(inherited) @executable_path/Frameworks @loader_path/Frameworks";
				PRODUCT_NAME = "$(TARGET_NAME)";
				TEST_HOST = "$(BUILT_PRODUCTS_DIR)/Day2_2.app/Day2_2";
			};
			name = Release;
		};
/* End XCBuildConfiguration section */

/* Begin XCConfigurationList section */
		3FB42FEF1B7B02A300CAE67C /* Build configuration list for PBXProject "Day2_2" */ = {
			isa = XCConfigurationList;
			buildConfigurations = (
				3FB430111B7B02A300CAE67C /* Debug */,
				3FB430121B7B02A300CAE67C /* Release */,
			);
			defaultConfigurationIsVisible = 0;
			defaultConfigurationName = Release;
		};
		3FB430131B7B02A300CAE67C /* Build configuration list for PBXNativeTarget "Day2_2" */ = {
			isa = XCConfigurationList;
			buildConfigurations = (
				3FB430141B7B02A300CAE67C /* Debug */,
				3FB430151B7B02A300CAE67C /* Release */,
			);
			defaultConfigurationIsVisible = 0;
			defaultConfigurationName = Release;
		};
		3FB430161B7B02A300CAE67C /* Build configuration list for PBXNativeTarget "Day2_2Tests" */ = {
			isa = XCConfigurationList;
			buildConfigurations = (
				3FB430171B7B02A300CAE67C /* Debug */,
				3FB430181B7B02A300CAE67C /* Release */,
			);
			defaultConfigurationIsVisible = 0;
			defaultConfigurationName = Release;
		};
/* End XCConfigurationList section */
	};
	rootObject = 3FB42FEC1B7B02A300CAE67C /* Project object */;
}
